
Microsoft Visual Studio Solution File, Format Version 12.00
# Visual Studio Version 16
VisualStudioVersion = 16.0.32228.343
MinimumVisualStudioVersion = 10.0.40219.1
Project("{9A19103F-16F7-4668-BE54-9A1E7A4F7556}") = "CodingApp", "CodingApp\CodingApp.csproj", "{24F9FED0-9040-4827-B242-3823C3368C0F}"
EndProject
Project("{FAE04EC0-301F-11D3-BF4B-00C04F79EFBC}") = "CodingDecodingDLL", "CodingDecodingDLL\CodingDecodingDLL.csproj", "{C69A025D-5726-4FB7-ACE9-390927875971}"
EndProject
Global
	GlobalSection(SolutionConfigurationPlatforms) = preSolution
		Debug|Any CPU = Debug|Any CPU
		Release|Any CPU = Release|Any CPU
	EndGlobalSection
	GlobalSection(ProjectConfigurationPlatforms) = postSolution
		{24F9FED0-9040-4827-B242-3823C3368C0F}.Debug|Any CPU.ActiveCfg = Debug|Any CPU
		{24F9FED0-9040-4827-B242-3823C3368C0F}.Debug|Any CPU.Build.0 = Debug|Any CPU
		{24F9FED0-9040-4827-B242-3823C3368C0F}.Release|Any CPU.ActiveCfg = Release|Any CPU
		{24F9FED0-9040-4827-B242-3823C3368C0F}.Release|Any CPU.Build.0 = Release|Any CPU
		{C69A025D-5726-4FB7-ACE9-390927875971}.Debug|Any CPU.ActiveCfg = Debug|Any CPU
		{C69A025D-5726-4FB7-ACE9-390927875971}.Debug|Any CPU.Build.0 = Debug|Any CPU
		{C69A025D-5726-4FB7-ACE9-390927875971}.Release|Any CPU.ActiveCfg = Release|Any CPU
		{C69A025D-5726-4FB7-ACE9-390927875971}.Release|Any CPU.Build.0 = Release|Any CPU
	EndGlobalSection
	GlobalSection(SolutionProperties) = preSolution
		HideSolutionNode = FALSE
	EndGlobalSection
	GlobalSection(ExtensibilityGlobals) = postSolution
		SolutionGuid = {7554C785-2F5F-4F9C-9452-DF0606EB79B7}
	EndGlobalSection
EndGlobal
